
Microsoft Visual Studio Solution File, Format Version 12.00
# Visual Studio Version 16
VisualStudioVersion = 16.0.30413.136
MinimumVisualStudioVersion = 10.0.40219.1
Project("{FAE04EC0-301F-11D3-BF4B-00C04F79EFBC}") = "Ex_3-6", "Ex_3-6.csproj", "{6598040A-3779-483A-81AA-0A2D4AD64292}"
EndProject
Global
	GlobalSection(SolutionConfigurationPlatforms) = preSolution
		Debug|Any CPU = Debug|Any CPU
		Release|Any CPU = Release|Any CPU
	EndGlobalSection
	GlobalSection(ProjectConfigurationPlatforms) = postSolution
		{6598040A-3779-483A-81AA-0A2D4AD64292}.Debug|Any CPU.ActiveCfg = Debug|Any CPU
		{6598040A-3779-483A-81AA-0A2D4AD64292}.Debug|Any CPU.Build.0 = Debug|Any CPU
		{6598040A-3779-483A-81AA-0A2D4AD64292}.Release|Any CPU.ActiveCfg = Release|Any CPU
		{6598040A-3779-483A-81AA-0A2D4AD64292}.Release|Any CPU.Build.0 = Release|Any CPU
	EndGlobalSection
	GlobalSection(SolutionProperties) = preSolution
		HideSolutionNode = FALSE
	EndGlobalSection
	GlobalSection(ExtensibilityGlobals) = postSolution
		SolutionGuid = {8F1A565C-B5AE-4647-8ED1-B58BB5CF7F09}
	EndGlobalSection
EndGlobal
