
Microsoft Visual Studio Solution File, Format Version 12.00
# Visual Studio Version 16
VisualStudioVersion = 16.0.30413.136
MinimumVisualStudioVersion = 10.0.40219.1
Project("{FAE04EC0-301F-11D3-BF4B-00C04F79EFBC}") = "Ex_4-3", "Ex_4-3.csproj", "{F721DDFB-1CD9-467E-873C-025B9E70A2DC}"
EndProject
Global
	GlobalSection(SolutionConfigurationPlatforms) = preSolution
		Debug|Any CPU = Debug|Any CPU
		Release|Any CPU = Release|Any CPU
	EndGlobalSection
	GlobalSection(ProjectConfigurationPlatforms) = postSolution
		{F721DDFB-1CD9-467E-873C-025B9E70A2DC}.Debug|Any CPU.ActiveCfg = Debug|Any CPU
		{F721DDFB-1CD9-467E-873C-025B9E70A2DC}.Debug|Any CPU.Build.0 = Debug|Any CPU
		{F721DDFB-1CD9-467E-873C-025B9E70A2DC}.Release|Any CPU.ActiveCfg = Release|Any CPU
		{F721DDFB-1CD9-467E-873C-025B9E70A2DC}.Release|Any CPU.Build.0 = Release|Any CPU
	EndGlobalSection
	GlobalSection(SolutionProperties) = preSolution
		HideSolutionNode = FALSE
	EndGlobalSection
	GlobalSection(ExtensibilityGlobals) = postSolution
		SolutionGuid = {68D3F63F-158E-4FEB-A058-830D858EE507}
	EndGlobalSection
EndGlobal
