
Microsoft Visual Studio Solution File, Format Version 12.00
# Visual Studio Version 16
VisualStudioVersion = 16.0.30413.136
MinimumVisualStudioVersion = 10.0.40219.1
Project("{FAE04EC0-301F-11D3-BF4B-00C04F79EFBC}") = "Ex_2-7", "Ex_2-7.csproj", "{E9B42C49-CCFC-49D9-AA79-A0040FA24F3A}"
EndProject
Global
	GlobalSection(SolutionConfigurationPlatforms) = preSolution
		Debug|Any CPU = Debug|Any CPU
		Release|Any CPU = Release|Any CPU
	EndGlobalSection
	GlobalSection(ProjectConfigurationPlatforms) = postSolution
		{E9B42C49-CCFC-49D9-AA79-A0040FA24F3A}.Debug|Any CPU.ActiveCfg = Debug|Any CPU
		{E9B42C49-CCFC-49D9-AA79-A0040FA24F3A}.Debug|Any CPU.Build.0 = Debug|Any CPU
		{E9B42C49-CCFC-49D9-AA79-A0040FA24F3A}.Release|Any CPU.ActiveCfg = Release|Any CPU
		{E9B42C49-CCFC-49D9-AA79-A0040FA24F3A}.Release|Any CPU.Build.0 = Release|Any CPU
	EndGlobalSection
	GlobalSection(SolutionProperties) = preSolution
		HideSolutionNode = FALSE
	EndGlobalSection
	GlobalSection(ExtensibilityGlobals) = postSolution
		SolutionGuid = {7AA76C9C-58D6-4878-87AF-72D9525693E0}
	EndGlobalSection
EndGlobal
