
Microsoft Visual Studio Solution File, Format Version 12.00
# Visual Studio Version 16
VisualStudioVersion = 16.0.30413.136
MinimumVisualStudioVersion = 10.0.40219.1
Project("{FAE04EC0-301F-11D3-BF4B-00C04F79EFBC}") = "Ex_4-4", "Ex_4-4.csproj", "{852EE8DE-7822-4BE4-B33A-18BAC7713C45}"
EndProject
Global
	GlobalSection(SolutionConfigurationPlatforms) = preSolution
		Debug|Any CPU = Debug|Any CPU
		Release|Any CPU = Release|Any CPU
	EndGlobalSection
	GlobalSection(ProjectConfigurationPlatforms) = postSolution
		{852EE8DE-7822-4BE4-B33A-18BAC7713C45}.Debug|Any CPU.ActiveCfg = Debug|Any CPU
		{852EE8DE-7822-4BE4-B33A-18BAC7713C45}.Debug|Any CPU.Build.0 = Debug|Any CPU
		{852EE8DE-7822-4BE4-B33A-18BAC7713C45}.Release|Any CPU.ActiveCfg = Release|Any CPU
		{852EE8DE-7822-4BE4-B33A-18BAC7713C45}.Release|Any CPU.Build.0 = Release|Any CPU
	EndGlobalSection
	GlobalSection(SolutionProperties) = preSolution
		HideSolutionNode = FALSE
	EndGlobalSection
	GlobalSection(ExtensibilityGlobals) = postSolution
		SolutionGuid = {C0988D06-7AB8-48E9-8AA6-4E7684658CD9}
	EndGlobalSection
EndGlobal
