
Microsoft Visual Studio Solution File, Format Version 12.00
# Visual Studio Version 16
VisualStudioVersion = 16.0.30413.136
MinimumVisualStudioVersion = 10.0.40219.1
Project("{FAE04EC0-301F-11D3-BF4B-00C04F79EFBC}") = "Ex_2-1", "Ex_2-1.csproj", "{A8275609-9562-4801-90E4-40AEC0F95AA4}"
EndProject
Global
	GlobalSection(SolutionConfigurationPlatforms) = preSolution
		Debug|Any CPU = Debug|Any CPU
		Release|Any CPU = Release|Any CPU
	EndGlobalSection
	GlobalSection(ProjectConfigurationPlatforms) = postSolution
		{A8275609-9562-4801-90E4-40AEC0F95AA4}.Debug|Any CPU.ActiveCfg = Debug|Any CPU
		{A8275609-9562-4801-90E4-40AEC0F95AA4}.Debug|Any CPU.Build.0 = Debug|Any CPU
		{A8275609-9562-4801-90E4-40AEC0F95AA4}.Release|Any CPU.ActiveCfg = Release|Any CPU
		{A8275609-9562-4801-90E4-40AEC0F95AA4}.Release|Any CPU.Build.0 = Release|Any CPU
	EndGlobalSection
	GlobalSection(SolutionProperties) = preSolution
		HideSolutionNode = FALSE
	EndGlobalSection
	GlobalSection(ExtensibilityGlobals) = postSolution
		SolutionGuid = {9C307340-29EA-4D5A-872D-A97564CEC256}
	EndGlobalSection
EndGlobal
