
Microsoft Visual Studio Solution File, Format Version 12.00
# Visual Studio Version 16
VisualStudioVersion = 16.0.30320.27
MinimumVisualStudioVersion = 10.0.40219.1
Project("{FAE04EC0-301F-11D3-BF4B-00C04F79EFBC}") = "Test01", "Test01.csproj", "{6CAF6AA5-B7D0-4ADE-8A6F-D622F5E51C86}"
EndProject
Global
	GlobalSection(SolutionConfigurationPlatforms) = preSolution
		Debug|Any CPU = Debug|Any CPU
		Release|Any CPU = Release|Any CPU
	EndGlobalSection
	GlobalSection(ProjectConfigurationPlatforms) = postSolution
		{6CAF6AA5-B7D0-4ADE-8A6F-D622F5E51C86}.Debug|Any CPU.ActiveCfg = Debug|Any CPU
		{6CAF6AA5-B7D0-4ADE-8A6F-D622F5E51C86}.Debug|Any CPU.Build.0 = Debug|Any CPU
		{6CAF6AA5-B7D0-4ADE-8A6F-D622F5E51C86}.Release|Any CPU.ActiveCfg = Release|Any CPU
		{6CAF6AA5-B7D0-4ADE-8A6F-D622F5E51C86}.Release|Any CPU.Build.0 = Release|Any CPU
	EndGlobalSection
	GlobalSection(SolutionProperties) = preSolution
		HideSolutionNode = FALSE
	EndGlobalSection
	GlobalSection(ExtensibilityGlobals) = postSolution
		SolutionGuid = {2FE192E5-88EC-4749-B0FD-4FAB62B40D48}
	EndGlobalSection
EndGlobal
